
Microsoft Visual Studio Solution File, Format Version 12.00
# Visual Studio Version 16
VisualStudioVersion = 16.0.30104.148
MinimumVisualStudioVersion = 10.0.40219.1
Project("{FAE04EC0-301F-11D3-BF4B-00C04F79EFBC}") = "Spectrometer", "Spectometer\Spectrometer.csproj", "{85043178-219F-4159-B527-1384E7061ABE}"
EndProject
Project("{54435603-DBB4-11D2-8724-00A0C9A8B90C}") = "SpectrometerSetup", "SpectrometerSetup\SpectrometerSetup.vdproj", "{13119576-0426-4D79-8E10-2FDAECD6A09B}"
EndProject
Project("{2150E333-8FDC-42A3-9474-1A3956D46DE8}") = "Solution Items", "Solution Items", "{AFD6775B-D40B-4BFC-A2E2-F04A50955F64}"
	ProjectSection(SolutionItems) = preProject
		.editorconfig = .editorconfig
	EndProjectSection
EndProject
Project("{FAE04EC0-301F-11D3-BF4B-00C04F79EFBC}") = "Driver", "Driver\Driver.csproj", "{59B6842E-DD9C-48E0-AEA7-413219B7E6A8}"
EndProject
Global
	GlobalSection(SolutionConfigurationPlatforms) = preSolution
		Debug|Any CPU = Debug|Any CPU
		Release|Any CPU = Release|Any CPU
	EndGlobalSection
	GlobalSection(ProjectConfigurationPlatforms) = postSolution
		{85043178-219F-4159-B527-1384E7061ABE}.Debug|Any CPU.ActiveCfg = Debug|Any CPU
		{85043178-219F-4159-B527-1384E7061ABE}.Debug|Any CPU.Build.0 = Debug|Any CPU
		{85043178-219F-4159-B527-1384E7061ABE}.Release|Any CPU.ActiveCfg = Release|Any CPU
		{85043178-219F-4159-B527-1384E7061ABE}.Release|Any CPU.Build.0 = Release|Any CPU
		{13119576-0426-4D79-8E10-2FDAECD6A09B}.Debug|Any CPU.ActiveCfg = Debug
		{13119576-0426-4D79-8E10-2FDAECD6A09B}.Debug|Any CPU.Build.0 = Debug
		{13119576-0426-4D79-8E10-2FDAECD6A09B}.Release|Any CPU.ActiveCfg = Release
		{59B6842E-DD9C-48E0-AEA7-413219B7E6A8}.Debug|Any CPU.ActiveCfg = Debug|Any CPU
		{59B6842E-DD9C-48E0-AEA7-413219B7E6A8}.Debug|Any CPU.Build.0 = Debug|Any CPU
		{59B6842E-DD9C-48E0-AEA7-413219B7E6A8}.Release|Any CPU.ActiveCfg = Release|Any CPU
		{59B6842E-DD9C-48E0-AEA7-413219B7E6A8}.Release|Any CPU.Build.0 = Release|Any CPU
	EndGlobalSection
	GlobalSection(SolutionProperties) = preSolution
		HideSolutionNode = FALSE
	EndGlobalSection
	GlobalSection(ExtensibilityGlobals) = postSolution
		SolutionGuid = {F94861BA-3E3E-49E9-AE8E-CC10275C6E30}
	EndGlobalSection
EndGlobal
